
Microsoft Visual Studio Solution File, Format Version 12.00
# Visual Studio 15
VisualStudioVersion = 15.0.28010.2036
MinimumVisualStudioVersion = 10.0.40219.1
Project("{FAE04EC0-301F-11D3-BF4B-00C04F79EFBC}") = "CASCToolHost", "CASCToolHost\CASCToolHost.csproj", "{521D60B2-F930-4700-AFF6-629EF3FFFD1E}"
EndProject
Global
	GlobalSection(SolutionConfigurationPlatforms) = preSolution
		Debug|Any CPU = Debug|Any CPU
		Release|Any CPU = Release|Any CPU
	EndGlobalSection
	GlobalSection(ProjectConfigurationPlatforms) = postSolution
		{521D60B2-F930-4700-AFF6-629EF3FFFD1E}.Debug|Any CPU.ActiveCfg = Debug|Any CPU
		{521D60B2-F930-4700-AFF6-629EF3FFFD1E}.Debug|Any CPU.Build.0 = Debug|Any CPU
		{521D60B2-F930-4700-AFF6-629EF3FFFD1E}.Release|Any CPU.ActiveCfg = Release|Any CPU
		{521D60B2-F930-4700-AFF6-629EF3FFFD1E}.Release|Any CPU.Build.0 = Release|Any CPU
	EndGlobalSection
	GlobalSection(SolutionProperties) = preSolution
		HideSolutionNode = FALSE
	EndGlobalSection
	GlobalSection(ExtensibilityGlobals) = postSolution
		SolutionGuid = {70A9C90F-3206-4C4C-869A-C994561A97A2}
	EndGlobalSection
EndGlobal
